
Microsoft Visual Studio Solution File, Format Version 12.00
Project("{FAE04EC0-301F-11D3-BF4B-00C04F79EFBC}") = "VkProfileTask", "VkProfileTask\VkProfileTask.csproj", "{8E834AEA-EDB2-4886-A1F3-77E010E557E5}"
EndProject
Project("{FAE04EC0-301F-11D3-BF4B-00C04F79EFBC}") = "Core", "Core\Core.csproj", "{EAD13219-D1EB-40CB-8FE6-FCB876E07B85}"
EndProject
Project("{FAE04EC0-301F-11D3-BF4B-00C04F79EFBC}") = "Core.Tests", "Core.Tests\Core.Tests.csproj", "{30345D00-6E08-4655-AF3F-68B1F2782A2E}"
EndProject
Global
	GlobalSection(SolutionConfigurationPlatforms) = preSolution
		Debug|Any CPU = Debug|Any CPU
		Release|Any CPU = Release|Any CPU
	EndGlobalSection
	GlobalSection(ProjectConfigurationPlatforms) = postSolution
		{8E834AEA-EDB2-4886-A1F3-77E010E557E5}.Debug|Any CPU.ActiveCfg = Debug|Any CPU
		{8E834AEA-EDB2-4886-A1F3-77E010E557E5}.Debug|Any CPU.Build.0 = Debug|Any CPU
		{8E834AEA-EDB2-4886-A1F3-77E010E557E5}.Release|Any CPU.ActiveCfg = Release|Any CPU
		{8E834AEA-EDB2-4886-A1F3-77E010E557E5}.Release|Any CPU.Build.0 = Release|Any CPU
		{EAD13219-D1EB-40CB-8FE6-FCB876E07B85}.Debug|Any CPU.ActiveCfg = Debug|Any CPU
		{EAD13219-D1EB-40CB-8FE6-FCB876E07B85}.Debug|Any CPU.Build.0 = Debug|Any CPU
		{EAD13219-D1EB-40CB-8FE6-FCB876E07B85}.Release|Any CPU.ActiveCfg = Release|Any CPU
		{EAD13219-D1EB-40CB-8FE6-FCB876E07B85}.Release|Any CPU.Build.0 = Release|Any CPU
		{30345D00-6E08-4655-AF3F-68B1F2782A2E}.Debug|Any CPU.ActiveCfg = Debug|Any CPU
		{30345D00-6E08-4655-AF3F-68B1F2782A2E}.Debug|Any CPU.Build.0 = Debug|Any CPU
		{30345D00-6E08-4655-AF3F-68B1F2782A2E}.Release|Any CPU.ActiveCfg = Release|Any CPU
		{30345D00-6E08-4655-AF3F-68B1F2782A2E}.Release|Any CPU.Build.0 = Release|Any CPU
	EndGlobalSection
EndGlobal
